
Microsoft Visual Studio Solution File, Format Version 12.00
# Visual Studio 15
VisualStudioVersion = 15.0.33026.149
MinimumVisualStudioVersion = 10.0.40219.1
Project("{FAE04EC0-301F-11D3-BF4B-00C04F79EFBC}") = "ProfessionalModernFlatUI", "ProfessionalModernFlatUI\ProfessionalModernFlatUI.csproj", "{C5B5845D-516B-48E3-AA13-701C5FC4DF68}"
EndProject
Global
	GlobalSection(SolutionConfigurationPlatforms) = preSolution
		Debug|Any CPU = Debug|Any CPU
		Release|Any CPU = Release|Any CPU
	EndGlobalSection
	GlobalSection(ProjectConfigurationPlatforms) = postSolution
		{C5B5845D-516B-48E3-AA13-701C5FC4DF68}.Debug|Any CPU.ActiveCfg = Debug|Any CPU
		{C5B5845D-516B-48E3-AA13-701C5FC4DF68}.Debug|Any CPU.Build.0 = Debug|Any CPU
		{C5B5845D-516B-48E3-AA13-701C5FC4DF68}.Release|Any CPU.ActiveCfg = Release|Any CPU
		{C5B5845D-516B-48E3-AA13-701C5FC4DF68}.Release|Any CPU.Build.0 = Release|Any CPU
	EndGlobalSection
	GlobalSection(SolutionProperties) = preSolution
		HideSolutionNode = FALSE
	EndGlobalSection
	GlobalSection(ExtensibilityGlobals) = postSolution
		SolutionGuid = {259FAB26-D013-4409-84BB-869EAD6FC940}
	EndGlobalSection
EndGlobal
